
Microsoft Visual Studio Solution File, Format Version 12.00
# Visual Studio Version 16
VisualStudioVersion = 16.0.30413.136
MinimumVisualStudioVersion = 10.0.40219.1
Project("{FAE04EC0-301F-11D3-BF4B-00C04F79EFBC}") = "LearnMeAPI", "LearnMeAPI.csproj", "{839CD161-8A70-4429-8B47-FCDFFE85EB6A}"
EndProject
Global
	GlobalSection(SolutionConfigurationPlatforms) = preSolution
		Debug|Any CPU = Debug|Any CPU
		Release|Any CPU = Release|Any CPU
	EndGlobalSection
	GlobalSection(ProjectConfigurationPlatforms) = postSolution
		{839CD161-8A70-4429-8B47-FCDFFE85EB6A}.Debug|Any CPU.ActiveCfg = Debug|Any CPU
		{839CD161-8A70-4429-8B47-FCDFFE85EB6A}.Debug|Any CPU.Build.0 = Debug|Any CPU
		{839CD161-8A70-4429-8B47-FCDFFE85EB6A}.Release|Any CPU.ActiveCfg = Release|Any CPU
		{839CD161-8A70-4429-8B47-FCDFFE85EB6A}.Release|Any CPU.Build.0 = Release|Any CPU
	EndGlobalSection
	GlobalSection(SolutionProperties) = preSolution
		HideSolutionNode = FALSE
	EndGlobalSection
	GlobalSection(ExtensibilityGlobals) = postSolution
		SolutionGuid = {3ADC6AB9-BE63-4BBF-95D1-9C1DF7202E45}
	EndGlobalSection
EndGlobal
